PODS:
  - IQKeyboardManagerSwift (6.5.6)
  - SwiftLint (0.42.0)

DEPENDENCIES:
  - IQKeyboardManagerSwift
  - SwiftLint

SPEC REPOS:
  trunk:
    - IQKeyboardManagerSwift
    - SwiftLint

SPEC CHECKSUMS:
  IQKeyboardManagerSwift: c7df9d2deb356c04522f5c4b7b6e4ce4d8ed94fe
  SwiftLint: 4fa9579c63416865179bc416f0a92d55f009600d

PODFILE CHECKSUM: 57f1b3b443f62c2c22f5b0f00adb358e912f8ef6

COCOAPODS: 1.10.1
