// !$*UTF8*$!
{
	archiveVersion = 1;
	classes = {
	};
	objectVersion = 51;
	objects = {

/* Begin PBXBuildFile section */
		7D322495265AEC360047C9E8 /* LoginConstraints.swift in Sources */ = {isa = PBXBuildFile; fileRef = 7D322494265AEC360047C9E8 /* LoginConstraints.swift */; };
		7D3742B2265D37B90092A49E /* CustomAlert.swift in Sources */ = {isa = PBXBuildFile; fileRef = 7D3742B1265D37B90092A49E /* CustomAlert.swift */; };
		7D3EACBA26651FB6000E1D4A /* WorldViewController.swift in Sources */ = {isa = PBXBuildFile; fileRef = 7D3EACB926651FB6000E1D4A /* WorldViewController.swift */; };
		7D3EACBD26651FD9000E1D4A /* WorldConstraints.swift in Sources */ = {isa = PBXBuildFile; fileRef = 7D3EACBC26651FD9000E1D4A /* WorldConstraints.swift */; };
		7D3EACC026651FE6000E1D4A /* WorldPresenter.swift in Sources */ = {isa = PBXBuildFile; fileRef = 7D3EACBF26651FE6000E1D4A /* WorldPresenter.swift */; };
		7D47123B266628C5000A4FFD /* ContentsViewController.swift in Sources */ = {isa = PBXBuildFile; fileRef = 7D47123A266628C5000A4FFD /* ContentsViewController.swift */; };
		7D47123E266628DF000A4FFD /* ContentsPresenter.swift in Sources */ = {isa = PBXBuildFile; fileRef = 7D47123D266628DF000A4FFD /* ContentsPresenter.swift */; };
		7D471241266629FA000A4FFD /* ContentsConstraints.swift in Sources */ = {isa = PBXBuildFile; fileRef = 7D471240266629FA000A4FFD /* ContentsConstraints.swift */; };
		7D47124426662E2A000A4FFD /* ContentsTableViewCell.swift in Sources */ = {isa = PBXBuildFile; fileRef = 7D47124326662E2A000A4FFD /* ContentsTableViewCell.swift */; };
		7D47124726663D37000A4FFD /* LayerExtension.swift in Sources */ = {isa = PBXBuildFile; fileRef = 7D47124626663D37000A4FFD /* LayerExtension.swift */; };
		7D57A51F2660E2C4006719BD /* CreateFriendViewController.swift in Sources */ = {isa = PBXBuildFile; fileRef = 7D57A51E2660E2C4006719BD /* CreateFriendViewController.swift */; };
		7D57A5222660E2EA006719BD /* CreateFriendConstraints.swift in Sources */ = {isa = PBXBuildFile; fileRef = 7D57A5212660E2EA006719BD /* CreateFriendConstraints.swift */; };
		7D57A5252660E369006719BD /* CreateFriendPresenter.swift in Sources */ = {isa = PBXBuildFile; fileRef = 7D57A5242660E369006719BD /* CreateFriendPresenter.swift */; };
		7D652EB0265840D500FC7822 /* StringExtension.swift in Sources */ = {isa = PBXBuildFile; fileRef = 7D652EAF265840D500FC7822 /* StringExtension.swift */; };
		7D652EB32658A42700FC7822 /* TextFieldExtension.swift in Sources */ = {isa = PBXBuildFile; fileRef = 7D652EB22658A42700FC7822 /* TextFieldExtension.swift */; };
		7D652EB7265ACB3000FC7822 /* SecondSignUpConstraints.swift in Sources */ = {isa = PBXBuildFile; fileRef = 7D652EB6265ACB3000FC7822 /* SecondSignUpConstraints.swift */; };
		7D652EBA265ACE1000FC7822 /* SignUpConstraints.swift in Sources */ = {isa = PBXBuildFile; fileRef = 7D652EB9265ACE1000FC7822 /* SignUpConstraints.swift */; };
		7D8E4A842653744A0095B88C /* AppDelegate.swift in Sources */ = {isa = PBXBuildFile; fileRef = 7D8E4A832653744A0095B88C /* AppDelegate.swift */; };
		7D8E4A862653744A0095B88C /* SceneDelegate.swift in Sources */ = {isa = PBXBuildFile; fileRef = 7D8E4A852653744A0095B88C /* SceneDelegate.swift */; };
		7D8E4A882653744A0095B88C /* LoginViewController.swift in Sources */ = {isa = PBXBuildFile; fileRef = 7D8E4A872653744A0095B88C /* LoginViewController.swift */; };
		7D8E4A8B2653744A0095B88C /* Main.storyboard in Resources */ = {isa = PBXBuildFile; fileRef = 7D8E4A892653744A0095B88C /* Main.storyboard */; };
		7D8E4A8D2653744B0095B88C /* Assets.xcassets in Resources */ = {isa = PBXBuildFile; fileRef = 7D8E4A8C2653744B0095B88C /* Assets.xcassets */; };
		7D8E4A902653744B0095B88C /* LaunchScreen.storyboard in Resources */ = {isa = PBXBuildFile; fileRef = 7D8E4A8E2653744B0095B88C /* LaunchScreen.storyboard */; };
		7DACFEA826566C9C00FD7853 /* SignUpViewController.swift in Sources */ = {isa = PBXBuildFile; fileRef = 7DACFEA726566C9C00FD7853 /* SignUpViewController.swift */; };
		7DACFEAE265687B500FD7853 /* SignUpPresenter.swift in Sources */ = {isa = PBXBuildFile; fileRef = 7DACFEAD265687B500FD7853 /* SignUpPresenter.swift */; };
		7DAEEF552657B2AE00379EE3 /* SecondSignUpViewController.swift in Sources */ = {isa = PBXBuildFile; fileRef = 7DAEEF542657B2AE00379EE3 /* SecondSignUpViewController.swift */; };
		7DAEEF582657B2C200379EE3 /* SecondSignUpPresenter.swift in Sources */ = {isa = PBXBuildFile; fileRef = 7DAEEF572657B2C200379EE3 /* SecondSignUpPresenter.swift */; };
		7DB50E29265519A4004A62AC /* LoginPresenter.swift in Sources */ = {isa = PBXBuildFile; fileRef = 7DB50E28265519A4004A62AC /* LoginPresenter.swift */; };
		7DB50E2C26552348004A62AC /* Login.swift in Sources */ = {isa = PBXBuildFile; fileRef = 7DB50E2B26552348004A62AC /* Login.swift */; };
		7DB50E3326553C0D004A62AC /* ColorExtension.swift in Sources */ = {isa = PBXBuildFile; fileRef = 7DB50E3226553C0D004A62AC /* ColorExtension.swift */; };
		7DB50E3626553C2F004A62AC /* ImageExtension.swift in Sources */ = {isa = PBXBuildFile; fileRef = 7DB50E3526553C2F004A62AC /* ImageExtension.swift */; };
		7DB50E3A26554200004A62AC /* ViewExtension.swift in Sources */ = {isa = PBXBuildFile; fileRef = 7DB50E3926554200004A62AC /* ViewExtension.swift */; };
		7DB527802663CDED0099AF59 /* PartsCollectionViewCell.swift in Sources */ = {isa = PBXBuildFile; fileRef = 7DB5277F2663CDED0099AF59 /* PartsCollectionViewCell.swift */; };
		7DDA127A2666989200F8F457 /* HTTPMethod.swift in Sources */ = {isa = PBXBuildFile; fileRef = 7DDA12792666989200F8F457 /* HTTPMethod.swift */; };
		7DDA12822666A13800F8F457 /* ArticlesViewController.swift in Sources */ = {isa = PBXBuildFile; fileRef = 7DDA12812666A13800F8F457 /* ArticlesViewController.swift */; };
		7DDA12852666A14700F8F457 /* ArticlesPresenter.swift in Sources */ = {isa = PBXBuildFile; fileRef = 7DDA12842666A14700F8F457 /* ArticlesPresenter.swift */; };
		7DDA12882666A30B00F8F457 /* ArticlesConstraints.swift in Sources */ = {isa = PBXBuildFile; fileRef = 7DDA12872666A30B00F8F457 /* ArticlesConstraints.swift */; };
		7DDA128B2666A47E00F8F457 /* ArticlesTableViewCell.swift in Sources */ = {isa = PBXBuildFile; fileRef = 7DDA128A2666A47E00F8F457 /* ArticlesTableViewCell.swift */; };
		7DDA128E2666AC0400F8F457 /* ArticleFirstCollectionViewCell.swift in Sources */ = {isa = PBXBuildFile; fileRef = 7DDA128D2666AC0400F8F457 /* ArticleFirstCollectionViewCell.swift */; };
		7DE7C9CF2666246B00BCCBDD /* PartsCollectionViewController.swift in Sources */ = {isa = PBXBuildFile; fileRef = 7DE7C9CE2666246B00BCCBDD /* PartsCollectionViewController.swift */; };
		7DE866B4265BDDE700DBFDBD /* RecoverPasswordViewController.swift in Sources */ = {isa = PBXBuildFile; fileRef = 7DE866B3265BDDE700DBFDBD /* RecoverPasswordViewController.swift */; };
		7DE866B7265BDE0100DBFDBD /* RecoverPasswordPresenter.swift in Sources */ = {isa = PBXBuildFile; fileRef = 7DE866B6265BDE0100DBFDBD /* RecoverPasswordPresenter.swift */; };
		7DE866BA265BE2EB00DBFDBD /* RecoverPasswordConstraints.swift in Sources */ = {isa = PBXBuildFile; fileRef = 7DE866B9265BE2EB00DBFDBD /* RecoverPasswordConstraints.swift */; };
		7DE866BD265BE7A000DBFDBD /* SecondRecoverPasswordViewController.swift in Sources */ = {isa = PBXBuildFile; fileRef = 7DE866BC265BE7A000DBFDBD /* SecondRecoverPasswordViewController.swift */; };
		7DE866C0265BE7E600DBFDBD /* SecondRecoverPasswordPresenter.swift in Sources */ = {isa = PBXBuildFile; fileRef = 7DE866BF265BE7E600DBFDBD /* SecondRecoverPasswordPresenter.swift */; };
		7DE866C3265BE84400DBFDBD /* SecondRecoverPasswordConstraints.swift in Sources */ = {isa = PBXBuildFile; fileRef = 7DE866C2265BE84400DBFDBD /* SecondRecoverPasswordConstraints.swift */; };
		7DEF863F265B8E98006254F1 /* Nunito-Black.ttf in Resources */ = {isa = PBXBuildFile; fileRef = 7DEF863E265B8E88006254F1 /* Nunito-Black.ttf */; };
		7DEF8641265B8E9C006254F1 /* Nunito-Bold.ttf in Resources */ = {isa = PBXBuildFile; fileRef = 7DEF863D265B8E88006254F1 /* Nunito-Bold.ttf */; };
		7DEF8643265B8EA0006254F1 /* Nunito-Regular.ttf in Resources */ = {isa = PBXBuildFile; fileRef = 7DEF863C265B8E88006254F1 /* Nunito-Regular.ttf */; };
		7DFFF289265FB5C700C71E81 /* TabBarViewController.swift in Sources */ = {isa = PBXBuildFile; fileRef = 7DFFF288265FB5C700C71E81 /* TabBarViewController.swift */; };
		7DFFF28C265FB7CF00C71E81 /* TabBarPresenter.swift in Sources */ = {isa = PBXBuildFile; fileRef = 7DFFF28B265FB7CF00C71E81 /* TabBarPresenter.swift */; };
		7DFFF28F265FD62500C71E81 /* CustomTabBar.swift in Sources */ = {isa = PBXBuildFile; fileRef = 7DFFF28E265FD62500C71E81 /* CustomTabBar.swift */; };
		B51C964798D80FB3924652C3 /* Pods_TimeSeteApp.framework in Frameworks */ = {isa = PBXBuildFile; fileRef = 47EC050E45288211A4D6C61D /* Pods_TimeSeteApp.framework */; };
/* End PBXBuildFile section */

/* Begin PBXFileReference section */
		47EC050E45288211A4D6C61D /* Pods_TimeSeteApp.framework */ = {isa = PBXFileReference; explicitFileType = wrapper.framework; includeInIndex = 0; path = Pods_TimeSeteApp.framework; sourceTree = BUILT_PRODUCTS_DIR; };
		7D322494265AEC360047C9E8 /* LoginConstraints.swift */ = {isa = PBXFileReference; lastKnownFileType = sourcecode.swift; path = LoginConstraints.swift; sourceTree = "<group>"; };
		7D3742B1265D37B90092A49E /* CustomAlert.swift */ = {isa = PBXFileReference; lastKnownFileType = sourcecode.swift; path = CustomAlert.swift; sourceTree = "<group>"; };
		7D3EACB926651FB6000E1D4A /* WorldViewController.swift */ = {isa = PBXFileReference; lastKnownFileType = sourcecode.swift; path = WorldViewController.swift; sourceTree = "<group>"; };
		7D3EACBC26651FD9000E1D4A /* WorldConstraints.swift */ = {isa = PBXFileReference; lastKnownFileType = sourcecode.swift; path = WorldConstraints.swift; sourceTree = "<group>"; };
		7D3EACBF26651FE6000E1D4A /* WorldPresenter.swift */ = {isa = PBXFileReference; lastKnownFileType = sourcecode.swift; path = WorldPresenter.swift; sourceTree = "<group>"; };
		7D47123A266628C5000A4FFD /* ContentsViewController.swift */ = {isa = PBXFileReference; lastKnownFileType = sourcecode.swift; path = ContentsViewController.swift; sourceTree = "<group>"; };
		7D47123D266628DF000A4FFD /* ContentsPresenter.swift */ = {isa = PBXFileReference; lastKnownFileType = sourcecode.swift; path = ContentsPresenter.swift; sourceTree = "<group>"; };
		7D471240266629FA000A4FFD /* ContentsConstraints.swift */ = {isa = PBXFileReference; lastKnownFileType = sourcecode.swift; path = ContentsConstraints.swift; sourceTree = "<group>"; };
		7D47124326662E2A000A4FFD /* ContentsTableViewCell.swift */ = {isa = PBXFileReference; lastKnownFileType = sourcecode.swift; path = ContentsTableViewCell.swift; sourceTree = "<group>"; };
		7D47124626663D37000A4FFD /* LayerExtension.swift */ = {isa = PBXFileReference; lastKnownFileType = sourcecode.swift; path = LayerExtension.swift; sourceTree = "<group>"; };
		7D57A51E2660E2C4006719BD /* CreateFriendViewController.swift */ = {isa = PBXFileReference; lastKnownFileType = sourcecode.swift; path = CreateFriendViewController.swift; sourceTree = "<group>"; };
		7D57A5212660E2EA006719BD /* CreateFriendConstraints.swift */ = {isa = PBXFileReference; lastKnownFileType = sourcecode.swift; path = CreateFriendConstraints.swift; sourceTree = "<group>"; };
		7D57A5242660E369006719BD /* CreateFriendPresenter.swift */ = {isa = PBXFileReference; lastKnownFileType = sourcecode.swift; path = CreateFriendPresenter.swift; sourceTree = "<group>"; };
		7D652EAF265840D500FC7822 /* StringExtension.swift */ = {isa = PBXFileReference; lastKnownFileType = sourcecode.swift; path = StringExtension.swift; sourceTree = "<group>"; };
		7D652EB22658A42700FC7822 /* TextFieldExtension.swift */ = {isa = PBXFileReference; lastKnownFileType = sourcecode.swift; path = TextFieldExtension.swift; sourceTree = "<group>"; };
		7D652EB6265ACB3000FC7822 /* SecondSignUpConstraints.swift */ = {isa = PBXFileReference; lastKnownFileType = sourcecode.swift; path = SecondSignUpConstraints.swift; sourceTree = "<group>"; };
		7D652EB9265ACE1000FC7822 /* SignUpConstraints.swift */ = {isa = PBXFileReference; lastKnownFileType = sourcecode.swift; path = SignUpConstraints.swift; sourceTree = "<group>"; };
		7D8E4A802653744A0095B88C /* TimeSeteApp.app */ = {isa = PBXFileReference; explicitFileType = wrapper.application; includeInIndex = 0; path = TimeSeteApp.app; sourceTree = BUILT_PRODUCTS_DIR; };
		7D8E4A832653744A0095B88C /* AppDelegate.swift */ = {isa = PBXFileReference; lastKnownFileType = sourcecode.swift; path = AppDelegate.swift; sourceTree = "<group>"; };
		7D8E4A852653744A0095B88C /* SceneDelegate.swift */ = {isa = PBXFileReference; lastKnownFileType = sourcecode.swift; path = SceneDelegate.swift; sourceTree = "<group>"; };
		7D8E4A872653744A0095B88C /* LoginViewController.swift */ = {isa = PBXFileReference; lastKnownFileType = sourcecode.swift; path = LoginViewController.swift; sourceTree = "<group>"; };
		7D8E4A8A2653744A0095B88C /* Base */ = {isa = PBXFileReference; lastKnownFileType = file.storyboard; name = Base; path = Base.lproj/Main.storyboard; sourceTree = "<group>"; };
		7D8E4A8C2653744B0095B88C /* Assets.xcassets */ = {isa = PBXFileReference; lastKnownFileType = folder.assetcatalog; path = Assets.xcassets; sourceTree = "<group>"; };
		7D8E4A8F2653744B0095B88C /* Base */ = {isa = PBXFileReference; lastKnownFileType = file.storyboard; name = Base; path = Base.lproj/LaunchScreen.storyboard; sourceTree = "<group>"; };
		7D8E4A912653744B0095B88C /* Info.plist */ = {isa = PBXFileReference; lastKnownFileType = text.plist.xml; path = Info.plist; sourceTree = "<group>"; };
		7DACFEA726566C9C00FD7853 /* SignUpViewController.swift */ = {isa = PBXFileReference; lastKnownFileType = sourcecode.swift; path = SignUpViewController.swift; sourceTree = "<group>"; };
		7DACFEAD265687B500FD7853 /* SignUpPresenter.swift */ = {isa = PBXFileReference; lastKnownFileType = sourcecode.swift; path = SignUpPresenter.swift; sourceTree = "<group>"; };
		7DAEEF542657B2AE00379EE3 /* SecondSignUpViewController.swift */ = {isa = PBXFileReference; lastKnownFileType = sourcecode.swift; path = SecondSignUpViewController.swift; sourceTree = "<group>"; };
		7DAEEF572657B2C200379EE3 /* SecondSignUpPresenter.swift */ = {isa = PBXFileReference; lastKnownFileType = sourcecode.swift; path = SecondSignUpPresenter.swift; sourceTree = "<group>"; };
		7DB50E28265519A4004A62AC /* LoginPresenter.swift */ = {isa = PBXFileReference; lastKnownFileType = sourcecode.swift; path = LoginPresenter.swift; sourceTree = "<group>"; };
		7DB50E2B26552348004A62AC /* Login.swift */ = {isa = PBXFileReference; lastKnownFileType = sourcecode.swift; path = Login.swift; sourceTree = "<group>"; };
		7DB50E3226553C0D004A62AC /* ColorExtension.swift */ = {isa = PBXFileReference; lastKnownFileType = sourcecode.swift; path = ColorExtension.swift; sourceTree = "<group>"; };
		7DB50E3526553C2F004A62AC /* ImageExtension.swift */ = {isa = PBXFileReference; lastKnownFileType = sourcecode.swift; path = ImageExtension.swift; sourceTree = "<group>"; };
		7DB50E3926554200004A62AC /* ViewExtension.swift */ = {isa = PBXFileReference; lastKnownFileType = sourcecode.swift; path = ViewExtension.swift; sourceTree = "<group>"; };
		7DB5277F2663CDED0099AF59 /* PartsCollectionViewCell.swift */ = {isa = PBXFileReference; lastKnownFileType = sourcecode.swift; path = PartsCollectionViewCell.swift; sourceTree = "<group>"; };
		7DDA12792666989200F8F457 /* HTTPMethod.swift */ = {isa = PBXFileReference; lastKnownFileType = sourcecode.swift; path = HTTPMethod.swift; sourceTree = "<group>"; };
		7DDA12812666A13800F8F457 /* ArticlesViewController.swift */ = {isa = PBXFileReference; lastKnownFileType = sourcecode.swift; path = ArticlesViewController.swift; sourceTree = "<group>"; };
		7DDA12842666A14700F8F457 /* ArticlesPresenter.swift */ = {isa = PBXFileReference; lastKnownFileType = sourcecode.swift; path = ArticlesPresenter.swift; sourceTree = "<group>"; };
		7DDA12872666A30B00F8F457 /* ArticlesConstraints.swift */ = {isa = PBXFileReference; lastKnownFileType = sourcecode.swift; path = ArticlesConstraints.swift; sourceTree = "<group>"; };
		7DDA128A2666A47E00F8F457 /* ArticlesTableViewCell.swift */ = {isa = PBXFileReference; lastKnownFileType = sourcecode.swift; path = ArticlesTableViewCell.swift; sourceTree = "<group>"; };
		7DDA128D2666AC0400F8F457 /* ArticleFirstCollectionViewCell.swift */ = {isa = PBXFileReference; lastKnownFileType = sourcecode.swift; path = ArticleFirstCollectionViewCell.swift; sourceTree = "<group>"; };
		7DE7C9CE2666246B00BCCBDD /* PartsCollectionViewController.swift */ = {isa = PBXFileReference; lastKnownFileType = sourcecode.swift; path = PartsCollectionViewController.swift; sourceTree = "<group>"; };
		7DE866B3265BDDE700DBFDBD /* RecoverPasswordViewController.swift */ = {isa = PBXFileReference; lastKnownFileType = sourcecode.swift; path = RecoverPasswordViewController.swift; sourceTree = "<group>"; };
		7DE866B6265BDE0100DBFDBD /* RecoverPasswordPresenter.swift */ = {isa = PBXFileReference; lastKnownFileType = sourcecode.swift; path = RecoverPasswordPresenter.swift; sourceTree = "<group>"; };
		7DE866B9265BE2EB00DBFDBD /* RecoverPasswordConstraints.swift */ = {isa = PBXFileReference; lastKnownFileType = sourcecode.swift; path = RecoverPasswordConstraints.swift; sourceTree = "<group>"; };
		7DE866BC265BE7A000DBFDBD /* SecondRecoverPasswordViewController.swift */ = {isa = PBXFileReference; lastKnownFileType = sourcecode.swift; path = SecondRecoverPasswordViewController.swift; sourceTree = "<group>"; };
		7DE866BF265BE7E600DBFDBD /* SecondRecoverPasswordPresenter.swift */ = {isa = PBXFileReference; lastKnownFileType = sourcecode.swift; path = SecondRecoverPasswordPresenter.swift; sourceTree = "<group>"; };
		7DE866C2265BE84400DBFDBD /* SecondRecoverPasswordConstraints.swift */ = {isa = PBXFileReference; lastKnownFileType = sourcecode.swift; path = SecondRecoverPasswordConstraints.swift; sourceTree = "<group>"; };
		7DEF863C265B8E88006254F1 /* Nunito-Regular.ttf */ = {isa = PBXFileReference; lastKnownFileType = file; path = "Nunito-Regular.ttf"; sourceTree = "<group>"; };
		7DEF863D265B8E88006254F1 /* Nunito-Bold.ttf */ = {isa = PBXFileReference; lastKnownFileType = file; path = "Nunito-Bold.ttf"; sourceTree = "<group>"; };
		7DEF863E265B8E88006254F1 /* Nunito-Black.ttf */ = {isa = PBXFileReference; lastKnownFileType = file; path = "Nunito-Black.ttf"; sourceTree = "<group>"; };
		7DFFF288265FB5C700C71E81 /* TabBarViewController.swift */ = {isa = PBXFileReference; lastKnownFileType = sourcecode.swift; path = TabBarViewController.swift; sourceTree = "<group>"; };
		7DFFF28B265FB7CF00C71E81 /* TabBarPresenter.swift */ = {isa = PBXFileReference; lastKnownFileType = sourcecode.swift; path = TabBarPresenter.swift; sourceTree = "<group>"; };
		7DFFF28E265FD62500C71E81 /* CustomTabBar.swift */ = {isa = PBXFileReference; lastKnownFileType = sourcecode.swift; path = CustomTabBar.swift; sourceTree = "<group>"; };
		97E7BFF7FED6ADFE292372DD /* Pods-TimeSeteApp.release.xcconfig */ = {isa = PBXFileReference; includeInIndex = 1; lastKnownFileType = text.xcconfig; name = "Pods-TimeSeteApp.release.xcconfig"; path = "Target Support Files/Pods-TimeSeteApp/Pods-TimeSeteApp.release.xcconfig"; sourceTree = "<group>"; };
		CAA93AA6892685F2B6FBA8B0 /* Pods-TimeSeteApp.debug.xcconfig */ = {isa = PBXFileReference; includeInIndex = 1; lastKnownFileType = text.xcconfig; name = "Pods-TimeSeteApp.debug.xcconfig"; path = "Target Support Files/Pods-TimeSeteApp/Pods-TimeSeteApp.debug.xcconfig"; sourceTree = "<group>"; };
/* End PBXFileReference section */

/* Begin PBXFrameworksBuildPhase section */
		7D8E4A7D2653744A0095B88C /* Frameworks */ = {
			isa = PBXFrameworksBuildPhase;
			buildActionMask = 2147483647;
			files = (
				B51C964798D80FB3924652C3 /* Pods_TimeSeteApp.framework in Frameworks */,
			);
			runOnlyForDeploymentPostprocessing = 0;
		};
/* End PBXFrameworksBuildPhase section */

/* Begin PBXGroup section */
		26B36E507015E1454486A1F0 /* Frameworks */ = {
			isa = PBXGroup;
			children = (
				47EC050E45288211A4D6C61D /* Pods_TimeSeteApp.framework */,
			);
			name = Frameworks;
			sourceTree = "<group>";
		};
		7D652EB5265ACADB00FC7822 /* Constraints */ = {
			isa = PBXGroup;
			children = (
				7D322494265AEC360047C9E8 /* LoginConstraints.swift */,
				7D652EB9265ACE1000FC7822 /* SignUpConstraints.swift */,
				7D652EB6265ACB3000FC7822 /* SecondSignUpConstraints.swift */,
				7DE866B9265BE2EB00DBFDBD /* RecoverPasswordConstraints.swift */,
				7DE866C2265BE84400DBFDBD /* SecondRecoverPasswordConstraints.swift */,
				7D57A5212660E2EA006719BD /* CreateFriendConstraints.swift */,
				7D3EACBC26651FD9000E1D4A /* WorldConstraints.swift */,
				7D471240266629FA000A4FFD /* ContentsConstraints.swift */,
				7DDA12872666A30B00F8F457 /* ArticlesConstraints.swift */,
			);
			path = Constraints;
			sourceTree = "<group>";
		};
		7D8E4A772653744A0095B88C = {
			isa = PBXGroup;
			children = (
				7D8E4A822653744A0095B88C /* TimeSeteApp */,
				7D8E4A812653744A0095B88C /* Products */,
				F038F1B8F6C0BC4EC4DC4CBC /* Pods */,
				26B36E507015E1454486A1F0 /* Frameworks */,
			);
			sourceTree = "<group>";
		};
		7D8E4A812653744A0095B88C /* Products */ = {
			isa = PBXGroup;
			children = (
				7D8E4A802653744A0095B88C /* TimeSeteApp.app */,
			);
			name = Products;
			sourceTree = "<group>";
		};
		7D8E4A822653744A0095B88C /* TimeSeteApp */ = {
			isa = PBXGroup;
			children = (
				7DDA12782666986400F8F457 /* Networking */,
				7DCDFBD1265500BA008391BD /* Model */,
				7DCDFBD0265500B3008391BD /* View */,
				7DCDFBCF2655009B008391BD /* Presenter */,
				7DCDFBD426550166008391BD /* Storyboards */,
				7DCDFBD2265500EE008391BD /* Resources */,
				7DB50E3126553B79004A62AC /* Supporting Extensions */,
				7DCDFBD326550111008391BD /* System Delegate */,
				7DCDFBD6265502AA008391BD /* Supporting Files */,
			);
			path = TimeSeteApp;
			sourceTree = "<group>";
		};
		7DB50E3126553B79004A62AC /* Supporting Extensions */ = {
			isa = PBXGroup;
			children = (
				7DB50E3226553C0D004A62AC /* ColorExtension.swift */,
				7DB50E3526553C2F004A62AC /* ImageExtension.swift */,
				7DB50E3926554200004A62AC /* ViewExtension.swift */,
				7D652EAF265840D500FC7822 /* StringExtension.swift */,
				7D652EB22658A42700FC7822 /* TextFieldExtension.swift */,
				7D47124626663D37000A4FFD /* LayerExtension.swift */,
			);
			path = "Supporting Extensions";
			sourceTree = "<group>";
		};
		7DCDFBCF2655009B008391BD /* Presenter */ = {
			isa = PBXGroup;
			children = (
				7DB50E28265519A4004A62AC /* LoginPresenter.swift */,
				7DACFEAD265687B500FD7853 /* SignUpPresenter.swift */,
				7DAEEF572657B2C200379EE3 /* SecondSignUpPresenter.swift */,
				7DE866B6265BDE0100DBFDBD /* RecoverPasswordPresenter.swift */,
				7DE866BF265BE7E600DBFDBD /* SecondRecoverPasswordPresenter.swift */,
				7DFFF28B265FB7CF00C71E81 /* TabBarPresenter.swift */,
				7D57A5242660E369006719BD /* CreateFriendPresenter.swift */,
				7D3EACBF26651FE6000E1D4A /* WorldPresenter.swift */,
				7D47123D266628DF000A4FFD /* ContentsPresenter.swift */,
				7DDA12842666A14700F8F457 /* ArticlesPresenter.swift */,
			);
			path = Presenter;
			sourceTree = "<group>";
		};
		7DCDFBD0265500B3008391BD /* View */ = {
			isa = PBXGroup;
			children = (
				7D652EB5265ACADB00FC7822 /* Constraints */,
				7D8E4A872653744A0095B88C /* LoginViewController.swift */,
				7DACFEA726566C9C00FD7853 /* SignUpViewController.swift */,
				7DAEEF542657B2AE00379EE3 /* SecondSignUpViewController.swift */,
				7DE866B3265BDDE700DBFDBD /* RecoverPasswordViewController.swift */,
				7DE866BC265BE7A000DBFDBD /* SecondRecoverPasswordViewController.swift */,
				7D3742B1265D37B90092A49E /* CustomAlert.swift */,
				7DFFF288265FB5C700C71E81 /* TabBarViewController.swift */,
				7DFFF28E265FD62500C71E81 /* CustomTabBar.swift */,
				7D57A51E2660E2C4006719BD /* CreateFriendViewController.swift */,
				7DE7C9CE2666246B00BCCBDD /* PartsCollectionViewController.swift */,
				7DB5277F2663CDED0099AF59 /* PartsCollectionViewCell.swift */,
				7D3EACB926651FB6000E1D4A /* WorldViewController.swift */,
				7D47123A266628C5000A4FFD /* ContentsViewController.swift */,
				7D47124326662E2A000A4FFD /* ContentsTableViewCell.swift */,
				7DDA12812666A13800F8F457 /* ArticlesViewController.swift */,
				7DDA128A2666A47E00F8F457 /* ArticlesTableViewCell.swift */,
				7DDA128D2666AC0400F8F457 /* ArticleFirstCollectionViewCell.swift */,
			);
			path = View;
			sourceTree = "<group>";
		};
		7DCDFBD1265500BA008391BD /* Model */ = {
			isa = PBXGroup;
			children = (
				7DB50E2B26552348004A62AC /* Login.swift */,
			);
			path = Model;
			sourceTree = "<group>";
		};
		7DCDFBD2265500EE008391BD /* Resources */ = {
			isa = PBXGroup;
			children = (
				7DEF863B265B8E70006254F1 /* Fonts */,
				7D8E4A8C2653744B0095B88C /* Assets.xcassets */,
				7D8E4A8E2653744B0095B88C /* LaunchScreen.storyboard */,
			);
			path = Resources;
			sourceTree = "<group>";
		};
		7DCDFBD326550111008391BD /* System Delegate */ = {
			isa = PBXGroup;
			children = (
				7D8E4A832653744A0095B88C /* AppDelegate.swift */,
				7D8E4A852653744A0095B88C /* SceneDelegate.swift */,
			);
			path = "System Delegate";
			sourceTree = "<group>";
		};
		7DCDFBD426550166008391BD /* Storyboards */ = {
			isa = PBXGroup;
			children = (
				7D8E4A892653744A0095B88C /* Main.storyboard */,
			);
			path = Storyboards;
			sourceTree = "<group>";
		};
		7DCDFBD6265502AA008391BD /* Supporting Files */ = {
			isa = PBXGroup;
			children = (
				7D8E4A912653744B0095B88C /* Info.plist */,
			);
			path = "Supporting Files";
			sourceTree = "<group>";
		};
		7DDA12782666986400F8F457 /* Networking */ = {
			isa = PBXGroup;
			children = (
				7DDA12792666989200F8F457 /* HTTPMethod.swift */,
			);
			path = Networking;
			sourceTree = "<group>";
		};
		7DEF863B265B8E70006254F1 /* Fonts */ = {
			isa = PBXGroup;
			children = (
				7DEF863E265B8E88006254F1 /* Nunito-Black.ttf */,
				7DEF863D265B8E88006254F1 /* Nunito-Bold.ttf */,
				7DEF863C265B8E88006254F1 /* Nunito-Regular.ttf */,
			);
			path = Fonts;
			sourceTree = "<group>";
		};
		F038F1B8F6C0BC4EC4DC4CBC /* Pods */ = {
			isa = PBXGroup;
			children = (
				CAA93AA6892685F2B6FBA8B0 /* Pods-TimeSeteApp.debug.xcconfig */,
				97E7BFF7FED6ADFE292372DD /* Pods-TimeSeteApp.release.xcconfig */,
			);
			path = Pods;
			sourceTree = "<group>";
		};
/* End PBXGroup section */

/* Begin PBXNativeTarget section */
		7D8E4A7F2653744A0095B88C /* TimeSeteApp */ = {
			isa = PBXNativeTarget;
			buildConfigurationList = 7D8E4A942653744B0095B88C /* Build configuration list for PBXNativeTarget "TimeSeteApp" */;
			buildPhases = (
				B66002E4DFA2BED8E6DFC2F6 /* [CP] Check Pods Manifest.lock */,
				7DCDFBDF26550638008391BD /* ShellScript */,
				7D8E4A7C2653744A0095B88C /* Sources */,
				7D8E4A7D2653744A0095B88C /* Frameworks */,
				7D8E4A7E2653744A0095B88C /* Resources */,
				561329BA2B6C92B60CED3A5F /* [CP] Embed Pods Frameworks */,
			);
			buildRules = (
			);
			dependencies = (
			);
			name = TimeSeteApp;
			productName = TimeSeteApp;
			productReference = 7D8E4A802653744A0095B88C /* TimeSeteApp.app */;
			productType = "com.apple.product-type.application";
		};
/* End PBXNativeTarget section */

/* Begin PBXProject section */
		7D8E4A782653744A0095B88C /* Project object */ = {
			isa = PBXProject;
			attributes = {
				LastSwiftUpdateCheck = 1240;
				LastUpgradeCheck = 1240;
				TargetAttributes = {
					7D8E4A7F2653744A0095B88C = {
						CreatedOnToolsVersion = 12.4;
					};
				};
			};
			buildConfigurationList = 7D8E4A7B2653744A0095B88C /* Build configuration list for PBXProject "TimeSeteApp" */;
			compatibilityVersion = "Xcode 9.3";
			developmentRegion = en;
			hasScannedForEncodings = 0;
			knownRegions = (
				en,
				Base,
			);
			mainGroup = 7D8E4A772653744A0095B88C;
			productRefGroup = 7D8E4A812653744A0095B88C /* Products */;
			projectDirPath = "";
			projectRoot = "";
			targets = (
				7D8E4A7F2653744A0095B88C /* TimeSeteApp */,
			);
		};
/* End PBXProject section */

/* Begin PBXResourcesBuildPhase section */
		7D8E4A7E2653744A0095B88C /* Resources */ = {
			isa = PBXResourcesBuildPhase;
			buildActionMask = 2147483647;
			files = (
				7DEF8643265B8EA0006254F1 /* Nunito-Regular.ttf in Resources */,
				7D8E4A902653744B0095B88C /* LaunchScreen.storyboard in Resources */,
				7DEF8641265B8E9C006254F1 /* Nunito-Bold.ttf in Resources */,
				7D8E4A8D2653744B0095B88C /* Assets.xcassets in Resources */,
				7D8E4A8B2653744A0095B88C /* Main.storyboard in Resources */,
				7DEF863F265B8E98006254F1 /* Nunito-Black.ttf in Resources */,
			);
			runOnlyForDeploymentPostprocessing = 0;
		};
/* End PBXResourcesBuildPhase section */

/* Begin PBXShellScriptBuildPhase section */
		561329BA2B6C92B60CED3A5F /* [CP] Embed Pods Frameworks */ = {
			isa = PBXShellScriptBuildPhase;
			buildActionMask = 2147483647;
			files = (
			);
			inputFileListPaths = (
				"${PODS_ROOT}/Target Support Files/Pods-TimeSeteApp/Pods-TimeSeteApp-frameworks-${CONFIGURATION}-input-files.xcfilelist",
			);
			name = "[CP] Embed Pods Frameworks";
			outputFileListPaths = (
				"${PODS_ROOT}/Target Support Files/Pods-TimeSeteApp/Pods-TimeSeteApp-frameworks-${CONFIGURATION}-output-files.xcfilelist",
			);
			runOnlyForDeploymentPostprocessing = 0;
			shellPath = /bin/sh;
			shellScript = "\"${PODS_ROOT}/Target Support Files/Pods-TimeSeteApp/Pods-TimeSeteApp-frameworks.sh\"\n";
			showEnvVarsInLog = 0;
		};
		7DCDFBDF26550638008391BD /* ShellScript */ = {
			isa = PBXShellScriptBuildPhase;
			buildActionMask = 2147483647;
			files = (
			);
			inputFileListPaths = (
			);
			inputPaths = (
			);
			outputFileListPaths = (
			);
			outputPaths = (
			);
			runOnlyForDeploymentPostprocessing = 0;
			shellPath = /bin/sh;
			shellScript = "\"${PODS_ROOT}/SwiftLint/swiftlint\"\n";
		};
		B66002E4DFA2BED8E6DFC2F6 /* [CP] Check Pods Manifest.lock */ = {
			isa = PBXShellScriptBuildPhase;
			buildActionMask = 2147483647;
			files = (
			);
			inputFileListPaths = (
			);
			inputPaths = (
				"${PODS_PODFILE_DIR_PATH}/Podfile.lock",
				"${PODS_ROOT}/Manifest.lock",
			);
			name = "[CP] Check Pods Manifest.lock";
			outputFileListPaths = (
			);
			outputPaths = (
				"$(DERIVED_FILE_DIR)/Pods-TimeSeteApp-checkManifestLockResult.txt",
			);
			runOnlyForDeploymentPostprocessing = 0;
			shellPath = /bin/sh;
			shellScript = "diff \"${PODS_PODFILE_DIR_PATH}/Podfile.lock\" \"${PODS_ROOT}/Manifest.lock\" > /dev/null\nif [ $? != 0 ] ; then\n    # print error to STDERR\n    echo \"error: The sandbox is not in sync with the Podfile.lock. Run 'pod install' or update your CocoaPods installation.\" >&2\n    exit 1\nfi\n# This output is used by Xcode 'outputs' to avoid re-running this script phase.\necho \"SUCCESS\" > \"${SCRIPT_OUTPUT_FILE_0}\"\n";
			showEnvVarsInLog = 0;
		};
/* End PBXShellScriptBuildPhase section */

/* Begin PBXSourcesBuildPhase section */
		7D8E4A7C2653744A0095B88C /* Sources */ = {
			isa = PBXSourcesBuildPhase;
			buildActionMask = 2147483647;
			files = (
				7D57A51F2660E2C4006719BD /* CreateFriendViewController.swift in Sources */,
				7DE866C3265BE84400DBFDBD /* SecondRecoverPasswordConstraints.swift in Sources */,
				7DE866BA265BE2EB00DBFDBD /* RecoverPasswordConstraints.swift in Sources */,
				7DDA12822666A13800F8F457 /* ArticlesViewController.swift in Sources */,
				7DDA128E2666AC0400F8F457 /* ArticleFirstCollectionViewCell.swift in Sources */,
				7DAEEF552657B2AE00379EE3 /* SecondSignUpViewController.swift in Sources */,
				7DDA127A2666989200F8F457 /* HTTPMethod.swift in Sources */,
				7DB50E3A26554200004A62AC /* ViewExtension.swift in Sources */,
				7DFFF28F265FD62500C71E81 /* CustomTabBar.swift in Sources */,
				7D652EB7265ACB3000FC7822 /* SecondSignUpConstraints.swift in Sources */,
				7DE866C0265BE7E600DBFDBD /* SecondRecoverPasswordPresenter.swift in Sources */,
				7DDA128B2666A47E00F8F457 /* ArticlesTableViewCell.swift in Sources */,
				7D47123B266628C5000A4FFD /* ContentsViewController.swift in Sources */,
				7D47124726663D37000A4FFD /* LayerExtension.swift in Sources */,
				7D652EB32658A42700FC7822 /* TextFieldExtension.swift in Sources */,
				7D8E4A882653744A0095B88C /* LoginViewController.swift in Sources */,
				7D57A5252660E369006719BD /* CreateFriendPresenter.swift in Sources */,
				7D3EACC026651FE6000E1D4A /* WorldPresenter.swift in Sources */,
				7D57A5222660E2EA006719BD /* CreateFriendConstraints.swift in Sources */,
				7D471241266629FA000A4FFD /* ContentsConstraints.swift in Sources */,
				7D47124426662E2A000A4FFD /* ContentsTableViewCell.swift in Sources */,
				7DDA12882666A30B00F8F457 /* ArticlesConstraints.swift in Sources */,
				7DE866B7265BDE0100DBFDBD /* RecoverPasswordPresenter.swift in Sources */,
				7DB50E2C26552348004A62AC /* Login.swift in Sources */,
				7DE866B4265BDDE700DBFDBD /* RecoverPasswordViewController.swift in Sources */,
				7DACFEA826566C9C00FD7853 /* SignUpViewController.swift in Sources */,
				7DAEEF582657B2C200379EE3 /* SecondSignUpPresenter.swift in Sources */,
				7DFFF289265FB5C700C71E81 /* TabBarViewController.swift in Sources */,
				7DE7C9CF2666246B00BCCBDD /* PartsCollectionViewController.swift in Sources */,
				7DFFF28C265FB7CF00C71E81 /* TabBarPresenter.swift in Sources */,
				7DACFEAE265687B500FD7853 /* SignUpPresenter.swift in Sources */,
				7D652EB0265840D500FC7822 /* StringExtension.swift in Sources */,
				7D3742B2265D37B90092A49E /* CustomAlert.swift in Sources */,
				7DB527802663CDED0099AF59 /* PartsCollectionViewCell.swift in Sources */,
				7DDA12852666A14700F8F457 /* ArticlesPresenter.swift in Sources */,
				7D8E4A842653744A0095B88C /* AppDelegate.swift in Sources */,
				7DE866BD265BE7A000DBFDBD /* SecondRecoverPasswordViewController.swift in Sources */,
				7DB50E29265519A4004A62AC /* LoginPresenter.swift in Sources */,
				7DB50E3326553C0D004A62AC /* ColorExtension.swift in Sources */,
				7D3EACBA26651FB6000E1D4A /* WorldViewController.swift in Sources */,
				7D652EBA265ACE1000FC7822 /* SignUpConstraints.swift in Sources */,
				7D8E4A862653744A0095B88C /* SceneDelegate.swift in Sources */,
				7D322495265AEC360047C9E8 /* LoginConstraints.swift in Sources */,
				7DB50E3626553C2F004A62AC /* ImageExtension.swift in Sources */,
				7D3EACBD26651FD9000E1D4A /* WorldConstraints.swift in Sources */,
				7D47123E266628DF000A4FFD /* ContentsPresenter.swift in Sources */,
			);
			runOnlyForDeploymentPostprocessing = 0;
		};
/* End PBXSourcesBuildPhase section */

/* Begin PBXVariantGroup section */
		7D8E4A892653744A0095B88C /* Main.storyboard */ = {
			isa = PBXVariantGroup;
			children = (
				7D8E4A8A2653744A0095B88C /* Base */,
			);
			name = Main.storyboard;
			sourceTree = "<group>";
		};
		7D8E4A8E2653744B0095B88C /* LaunchScreen.storyboard */ = {
			isa = PBXVariantGroup;
			children = (
				7D8E4A8F2653744B0095B88C /* Base */,
			);
			name = LaunchScreen.storyboard;
			sourceTree = "<group>";
		};
/* End PBXVariantGroup section */

/* Begin XCBuildConfiguration section */
		7D8E4A922653744B0095B88C /* Debug */ = {
			isa = XCBuildConfiguration;
			buildSettings = {
				ALWAYS_SEARCH_USER_PATHS = NO;
				CLANG_ANALYZER_NONNULL = YES;
				CLANG_ANALYZER_NUMBER_OBJECT_CONVERSION = YES_AGGRESSIVE;
				CLANG_CXX_LANGUAGE_STANDARD = "gnu++14";
				CLANG_CXX_LIBRARY = "libc++";
				CLANG_ENABLE_MODULES = YES;
				CLANG_ENABLE_OBJC_ARC = YES;
				CLANG_ENABLE_OBJC_WEAK = YES;
				CLANG_WARN_BLOCK_CAPTURE_AUTORELEASING = YES;
				CLANG_WARN_BOOL_CONVERSION = YES;
				CLANG_WARN_COMMA = YES;
				CLANG_WARN_CONSTANT_CONVERSION = YES;
				CLANG_WARN_DEPRECATED_OBJC_IMPLEMENTATIONS = YES;
				CLANG_WARN_DIRECT_OBJC_ISA_USAGE = YES_ERROR;
				CLANG_WARN_DOCUMENTATION_COMMENTS = YES;
				CLANG_WARN_EMPTY_BODY = YES;
				CLANG_WARN_ENUM_CONVERSION = YES;
				CLANG_WARN_INFINITE_RECURSION = YES;
				CLANG_WARN_INT_CONVERSION = YES;
				CLANG_WARN_NON_LITERAL_NULL_CONVERSION = YES;
				CLANG_WARN_OBJC_IMPLICIT_RETAIN_SELF = YES;
				CLANG_WARN_OBJC_LITERAL_CONVERSION = YES;
				CLANG_WARN_OBJC_ROOT_CLASS = YES_ERROR;
				CLANG_WARN_QUOTED_INCLUDE_IN_FRAMEWORK_HEADER = YES;
				CLANG_WARN_RANGE_LOOP_ANALYSIS = YES;
				CLANG_WARN_STRICT_PROTOTYPES = YES;
				CLANG_WARN_SUSPICIOUS_MOVE = YES;
				CLANG_WARN_UNGUARDED_AVAILABILITY = YES_AGGRESSIVE;
				CLANG_WARN_UNREACHABLE_CODE = YES;
				CLANG_WARN__DUPLICATE_METHOD_MATCH = YES;
				COPY_PHASE_STRIP = NO;
				DEBUG_INFORMATION_FORMAT = dwarf;
				ENABLE_STRICT_OBJC_MSGSEND = YES;
				ENABLE_TESTABILITY = YES;
				GCC_C_LANGUAGE_STANDARD = gnu11;
				GCC_DYNAMIC_NO_PIC = NO;
				GCC_NO_COMMON_BLOCKS = YES;
				GCC_OPTIMIZATION_LEVEL = 0;
				GCC_PREPROCESSOR_DEFINITIONS = (
					"DEBUG=1",
					"$(inherited)",
				);
				GCC_WARN_64_TO_32_BIT_CONVERSION = YES;
				GCC_WARN_ABOUT_RETURN_TYPE = YES_ERROR;
				GCC_WARN_UNDECLARED_SELECTOR = YES;
				GCC_WARN_UNINITIALIZED_AUTOS = YES_AGGRESSIVE;
				GCC_WARN_UNUSED_FUNCTION = YES;
				GCC_WARN_UNUSED_VARIABLE = YES;
				IPHONEOS_DEPLOYMENT_TARGET = 14.4;
				MTL_ENABLE_DEBUG_INFO = INCLUDE_SOURCE;
				MTL_FAST_MATH = YES;
				ONLY_ACTIVE_ARCH = YES;
				SDKROOT = iphoneos;
				SWIFT_ACTIVE_COMPILATION_CONDITIONS = DEBUG;
				SWIFT_OPTIMIZATION_LEVEL = "-Onone";
			};
			name = Debug;
		};
		7D8E4A932653744B0095B88C /* Release */ = {
			isa = XCBuildConfiguration;
			buildSettings = {
				ALWAYS_SEARCH_USER_PATHS = NO;
				CLANG_ANALYZER_NONNULL = YES;
				CLANG_ANALYZER_NUMBER_OBJECT_CONVERSION = YES_AGGRESSIVE;
				CLANG_CXX_LANGUAGE_STANDARD = "gnu++14";
				CLANG_CXX_LIBRARY = "libc++";
				CLANG_ENABLE_MODULES = YES;
				CLANG_ENABLE_OBJC_ARC = YES;
				CLANG_ENABLE_OBJC_WEAK = YES;
				CLANG_WARN_BLOCK_CAPTURE_AUTORELEASING = YES;
				CLANG_WARN_BOOL_CONVERSION = YES;
				CLANG_WARN_COMMA = YES;
				CLANG_WARN_CONSTANT_CONVERSION = YES;
				CLANG_WARN_DEPRECATED_OBJC_IMPLEMENTATIONS = YES;
				CLANG_WARN_DIRECT_OBJC_ISA_USAGE = YES_ERROR;
				CLANG_WARN_DOCUMENTATION_COMMENTS = YES;
				CLANG_WARN_EMPTY_BODY = YES;
				CLANG_WARN_ENUM_CONVERSION = YES;
				CLANG_WARN_INFINITE_RECURSION = YES;
				CLANG_WARN_INT_CONVERSION = YES;
				CLANG_WARN_NON_LITERAL_NULL_CONVERSION = YES;
				CLANG_WARN_OBJC_IMPLICIT_RETAIN_SELF = YES;
				CLANG_WARN_OBJC_LITERAL_CONVERSION = YES;
				CLANG_WARN_OBJC_ROOT_CLASS = YES_ERROR;
				CLANG_WARN_QUOTED_INCLUDE_IN_FRAMEWORK_HEADER = YES;
				CLANG_WARN_RANGE_LOOP_ANALYSIS = YES;
				CLANG_WARN_STRICT_PROTOTYPES = YES;
				CLANG_WARN_SUSPICIOUS_MOVE = YES;
				CLANG_WARN_UNGUARDED_AVAILABILITY = YES_AGGRESSIVE;
				CLANG_WARN_UNREACHABLE_CODE = YES;
				CLANG_WARN__DUPLICATE_METHOD_MATCH = YES;
				COPY_PHASE_STRIP = NO;
				DEBUG_INFORMATION_FORMAT = "dwarf-with-dsym";
				ENABLE_NS_ASSERTIONS = NO;
				ENABLE_STRICT_OBJC_MSGSEND = YES;
				GCC_C_LANGUAGE_STANDARD = gnu11;
				GCC_NO_COMMON_BLOCKS = YES;
				GCC_WARN_64_TO_32_BIT_CONVERSION = YES;
				GCC_WARN_ABOUT_RETURN_TYPE = YES_ERROR;
				GCC_WARN_UNDECLARED_SELECTOR = YES;
				GCC_WARN_UNINITIALIZED_AUTOS = YES_AGGRESSIVE;
				GCC_WARN_UNUSED_FUNCTION = YES;
				GCC_WARN_UNUSED_VARIABLE = YES;
				IPHONEOS_DEPLOYMENT_TARGET = 14.4;
				MTL_ENABLE_DEBUG_INFO = NO;
				MTL_FAST_MATH = YES;
				SDKROOT = iphoneos;
				SWIFT_COMPILATION_MODE = wholemodule;
				SWIFT_OPTIMIZATION_LEVEL = "-O";
				VALIDATE_PRODUCT = YES;
			};
			name = Release;
		};
		7D8E4A952653744B0095B88C /* Debug */ = {
			isa = XCBuildConfiguration;
			baseConfigurationReference = CAA93AA6892685F2B6FBA8B0 /* Pods-TimeSeteApp.debug.xcconfig */;
			buildSettings = {
				ASSETCATALOG_COMPILER_APPICON_NAME = AppIcon;
				ASSETCATALOG_COMPILER_GLOBAL_ACCENT_COLOR_NAME = AccentColor;
				CODE_SIGN_STYLE = Automatic;
				DEVELOPMENT_TEAM = 58RN6U59UJ;
				INFOPLIST_FILE = "TimeSeteApp/Supporting Files/Info.plist";
				LD_RUNPATH_SEARCH_PATHS = (
					"$(inherited)",
					"@executable_path/Frameworks",
				);
				PRODUCT_BUNDLE_IDENTIFIER = campIoasys.TimeSeteApp;
				PRODUCT_NAME = "$(TARGET_NAME)";
				SWIFT_VERSION = 5.0;
				TARGETED_DEVICE_FAMILY = 1;
			};
			name = Debug;
		};
		7D8E4A962653744B0095B88C /* Release */ = {
			isa = XCBuildConfiguration;
			baseConfigurationReference = 97E7BFF7FED6ADFE292372DD /* Pods-TimeSeteApp.release.xcconfig */;
			buildSettings = {
				ASSETCATALOG_COMPILER_APPICON_NAME = AppIcon;
				ASSETCATALOG_COMPILER_GLOBAL_ACCENT_COLOR_NAME = AccentColor;
				CODE_SIGN_STYLE = Automatic;
				DEVELOPMENT_TEAM = 58RN6U59UJ;
				INFOPLIST_FILE = "TimeSeteApp/Supporting Files/Info.plist";
				LD_RUNPATH_SEARCH_PATHS = (
					"$(inherited)",
					"@executable_path/Frameworks",
				);
				PRODUCT_BUNDLE_IDENTIFIER = campIoasys.TimeSeteApp;
				PRODUCT_NAME = "$(TARGET_NAME)";
				SWIFT_VERSION = 5.0;
				TARGETED_DEVICE_FAMILY = 1;
			};
			name = Release;
		};
/* End XCBuildConfiguration section */

/* Begin XCConfigurationList section */
		7D8E4A7B2653744A0095B88C /* Build configuration list for PBXProject "TimeSeteApp" */ = {
			isa = XCConfigurationList;
			buildConfigurations = (
				7D8E4A922653744B0095B88C /* Debug */,
				7D8E4A932653744B0095B88C /* Release */,
			);
			defaultConfigurationIsVisible = 0;
			defaultConfigurationName = Release;
		};
		7D8E4A942653744B0095B88C /* Build configuration list for PBXNativeTarget "TimeSeteApp" */ = {
			isa = XCConfigurationList;
			buildConfigurations = (
				7D8E4A952653744B0095B88C /* Debug */,
				7D8E4A962653744B0095B88C /* Release */,
			);
			defaultConfigurationIsVisible = 0;
			defaultConfigurationName = Release;
		};
/* End XCConfigurationList section */
	};
	rootObject = 7D8E4A782653744A0095B88C /* Project object */;
}
