// !$*UTF8*$!
{
	archiveVersion = 1;
	classes = {
	};
	objectVersion = 51;
	objects = {

/* Begin PBXBuildFile section */
		7D8E4A842653744A0095B88C /* AppDelegate.swift in Sources */ = {isa = PBXBuildFile; fileRef = 7D8E4A832653744A0095B88C /* AppDelegate.swift */; };
		7D8E4A862653744A0095B88C /* SceneDelegate.swift in Sources */ = {isa = PBXBuildFile; fileRef = 7D8E4A852653744A0095B88C /* SceneDelegate.swift */; };
		7D8E4A882653744A0095B88C /* LoginViewController.swift in Sources */ = {isa = PBXBuildFile; fileRef = 7D8E4A872653744A0095B88C /* LoginViewController.swift */; };
		7D8E4A8B2653744A0095B88C /* Main.storyboard in Resources */ = {isa = PBXBuildFile; fileRef = 7D8E4A892653744A0095B88C /* Main.storyboard */; };
		7D8E4A8D2653744B0095B88C /* Assets.xcassets in Resources */ = {isa = PBXBuildFile; fileRef = 7D8E4A8C2653744B0095B88C /* Assets.xcassets */; };
		7D8E4A902653744B0095B88C /* LaunchScreen.storyboard in Resources */ = {isa = PBXBuildFile; fileRef = 7D8E4A8E2653744B0095B88C /* LaunchScreen.storyboard */; };
		7DB50E29265519A4004A62AC /* Presenter.swift in Sources */ = {isa = PBXBuildFile; fileRef = 7DB50E28265519A4004A62AC /* Presenter.swift */; };
		7DB50E2C26552348004A62AC /* Login.swift in Sources */ = {isa = PBXBuildFile; fileRef = 7DB50E2B26552348004A62AC /* Login.swift */; };
		7DB50E2F26553656004A62AC /* LoginView.swift in Sources */ = {isa = PBXBuildFile; fileRef = 7DB50E2E26553656004A62AC /* LoginView.swift */; };
		7DB50E3326553C0D004A62AC /* ColorExtension.swift in Sources */ = {isa = PBXBuildFile; fileRef = 7DB50E3226553C0D004A62AC /* ColorExtension.swift */; };
		7DB50E3626553C2F004A62AC /* ImageExtension.swift in Sources */ = {isa = PBXBuildFile; fileRef = 7DB50E3526553C2F004A62AC /* ImageExtension.swift */; };
		7DB50E3A26554200004A62AC /* ViewExtension.swift in Sources */ = {isa = PBXBuildFile; fileRef = 7DB50E3926554200004A62AC /* ViewExtension.swift */; };
		B51C964798D80FB3924652C3 /* Pods_TimeSeteApp.framework in Frameworks */ = {isa = PBXBuildFile; fileRef = 47EC050E45288211A4D6C61D /* Pods_TimeSeteApp.framework */; };
/* End PBXBuildFile section */

/* Begin PBXFileReference section */
		47EC050E45288211A4D6C61D /* Pods_TimeSeteApp.framework */ = {isa = PBXFileReference; explicitFileType = wrapper.framework; includeInIndex = 0; path = Pods_TimeSeteApp.framework; sourceTree = BUILT_PRODUCTS_DIR; };
		7D8E4A802653744A0095B88C /* TimeSeteApp.app */ = {isa = PBXFileReference; explicitFileType = wrapper.application; includeInIndex = 0; path = TimeSeteApp.app; sourceTree = BUILT_PRODUCTS_DIR; };
		7D8E4A832653744A0095B88C /* AppDelegate.swift */ = {isa = PBXFileReference; lastKnownFileType = sourcecode.swift; path = AppDelegate.swift; sourceTree = "<group>"; };
		7D8E4A852653744A0095B88C /* SceneDelegate.swift */ = {isa = PBXFileReference; lastKnownFileType = sourcecode.swift; path = SceneDelegate.swift; sourceTree = "<group>"; };
		7D8E4A872653744A0095B88C /* LoginViewController.swift */ = {isa = PBXFileReference; lastKnownFileType = sourcecode.swift; path = LoginViewController.swift; sourceTree = "<group>"; };
		7D8E4A8A2653744A0095B88C /* Base */ = {isa = PBXFileReference; lastKnownFileType = file.storyboard; name = Base; path = Base.lproj/Main.storyboard; sourceTree = "<group>"; };
		7D8E4A8C2653744B0095B88C /* Assets.xcassets */ = {isa = PBXFileReference; lastKnownFileType = folder.assetcatalog; path = Assets.xcassets; sourceTree = "<group>"; };
		7D8E4A8F2653744B0095B88C /* Base */ = {isa = PBXFileReference; lastKnownFileType = file.storyboard; name = Base; path = Base.lproj/LaunchScreen.storyboard; sourceTree = "<group>"; };
		7D8E4A912653744B0095B88C /* Info.plist */ = {isa = PBXFileReference; lastKnownFileType = text.plist.xml; path = Info.plist; sourceTree = "<group>"; };
		7DB50E28265519A4004A62AC /* Presenter.swift */ = {isa = PBXFileReference; lastKnownFileType = sourcecode.swift; path = Presenter.swift; sourceTree = "<group>"; };
		7DB50E2B26552348004A62AC /* Login.swift */ = {isa = PBXFileReference; lastKnownFileType = sourcecode.swift; path = Login.swift; sourceTree = "<group>"; };
		7DB50E2E26553656004A62AC /* LoginView.swift */ = {isa = PBXFileReference; lastKnownFileType = sourcecode.swift; path = LoginView.swift; sourceTree = "<group>"; };
		7DB50E3226553C0D004A62AC /* ColorExtension.swift */ = {isa = PBXFileReference; lastKnownFileType = sourcecode.swift; path = ColorExtension.swift; sourceTree = "<group>"; };
		7DB50E3526553C2F004A62AC /* ImageExtension.swift */ = {isa = PBXFileReference; lastKnownFileType = sourcecode.swift; path = ImageExtension.swift; sourceTree = "<group>"; };
		7DB50E3926554200004A62AC /* ViewExtension.swift */ = {isa = PBXFileReference; lastKnownFileType = sourcecode.swift; path = ViewExtension.swift; sourceTree = "<group>"; };
		97E7BFF7FED6ADFE292372DD /* Pods-TimeSeteApp.release.xcconfig */ = {isa = PBXFileReference; includeInIndex = 1; lastKnownFileType = text.xcconfig; name = "Pods-TimeSeteApp.release.xcconfig"; path = "Target Support Files/Pods-TimeSeteApp/Pods-TimeSeteApp.release.xcconfig"; sourceTree = "<group>"; };
		CAA93AA6892685F2B6FBA8B0 /* Pods-TimeSeteApp.debug.xcconfig */ = {isa = PBXFileReference; includeInIndex = 1; lastKnownFileType = text.xcconfig; name = "Pods-TimeSeteApp.debug.xcconfig"; path = "Target Support Files/Pods-TimeSeteApp/Pods-TimeSeteApp.debug.xcconfig"; sourceTree = "<group>"; };
/* End PBXFileReference section */

/* Begin PBXFrameworksBuildPhase section */
		7D8E4A7D2653744A0095B88C /* Frameworks */ = {
			isa = PBXFrameworksBuildPhase;
			buildActionMask = 2147483647;
			files = (
				B51C964798D80FB3924652C3 /* Pods_TimeSeteApp.framework in Frameworks */,
			);
			runOnlyForDeploymentPostprocessing = 0;
		};
/* End PBXFrameworksBuildPhase section */

/* Begin PBXGroup section */
		26B36E507015E1454486A1F0 /* Frameworks */ = {
			isa = PBXGroup;
			children = (
				47EC050E45288211A4D6C61D /* Pods_TimeSeteApp.framework */,
			);
			name = Frameworks;
			sourceTree = "<group>";
		};
		7D8E4A772653744A0095B88C = {
			isa = PBXGroup;
			children = (
				7D8E4A822653744A0095B88C /* TimeSeteApp */,
				7D8E4A812653744A0095B88C /* Products */,
				F038F1B8F6C0BC4EC4DC4CBC /* Pods */,
				26B36E507015E1454486A1F0 /* Frameworks */,
			);
			sourceTree = "<group>";
		};
		7D8E4A812653744A0095B88C /* Products */ = {
			isa = PBXGroup;
			children = (
				7D8E4A802653744A0095B88C /* TimeSeteApp.app */,
			);
			name = Products;
			sourceTree = "<group>";
		};
		7D8E4A822653744A0095B88C /* TimeSeteApp */ = {
			isa = PBXGroup;
			children = (
				7DCDFBD1265500BA008391BD /* Model */,
				7DCDFBD0265500B3008391BD /* View */,
				7DCDFBCF2655009B008391BD /* Presenter */,
				7DCDFBD426550166008391BD /* Storyboards */,
				7DCDFBD2265500EE008391BD /* Resources */,
				7DB50E3126553B79004A62AC /* Supporting Extensions */,
				7DCDFBD326550111008391BD /* System Delegate */,
				7DCDFBD6265502AA008391BD /* Supporting Files */,
			);
			path = TimeSeteApp;
			sourceTree = "<group>";
		};
		7DB50E3126553B79004A62AC /* Supporting Extensions */ = {
			isa = PBXGroup;
			children = (
				7DB50E3226553C0D004A62AC /* ColorExtension.swift */,
				7DB50E3526553C2F004A62AC /* ImageExtension.swift */,
				7DB50E3926554200004A62AC /* ViewExtension.swift */,
			);
			path = "Supporting Extensions";
			sourceTree = "<group>";
		};
		7DCDFBCF2655009B008391BD /* Presenter */ = {
			isa = PBXGroup;
			children = (
				7DB50E28265519A4004A62AC /* Presenter.swift */,
			);
			path = Presenter;
			sourceTree = "<group>";
		};
		7DCDFBD0265500B3008391BD /* View */ = {
			isa = PBXGroup;
			children = (
				7D8E4A872653744A0095B88C /* LoginViewController.swift */,
				7DB50E2E26553656004A62AC /* LoginView.swift */,
			);
			path = View;
			sourceTree = "<group>";
		};
		7DCDFBD1265500BA008391BD /* Model */ = {
			isa = PBXGroup;
			children = (
				7DB50E2B26552348004A62AC /* Login.swift */,
			);
			path = Model;
			sourceTree = "<group>";
		};
		7DCDFBD2265500EE008391BD /* Resources */ = {
			isa = PBXGroup;
			children = (
				7D8E4A8C2653744B0095B88C /* Assets.xcassets */,
				7D8E4A8E2653744B0095B88C /* LaunchScreen.storyboard */,
			);
			path = Resources;
			sourceTree = "<group>";
		};
		7DCDFBD326550111008391BD /* System Delegate */ = {
			isa = PBXGroup;
			children = (
				7D8E4A832653744A0095B88C /* AppDelegate.swift */,
				7D8E4A852653744A0095B88C /* SceneDelegate.swift */,
			);
			path = "System Delegate";
			sourceTree = "<group>";
		};
		7DCDFBD426550166008391BD /* Storyboards */ = {
			isa = PBXGroup;
			children = (
				7D8E4A892653744A0095B88C /* Main.storyboard */,
			);
			path = Storyboards;
			sourceTree = "<group>";
		};
		7DCDFBD6265502AA008391BD /* Supporting Files */ = {
			isa = PBXGroup;
			children = (
				7D8E4A912653744B0095B88C /* Info.plist */,
			);
			path = "Supporting Files";
			sourceTree = "<group>";
		};
		F038F1B8F6C0BC4EC4DC4CBC /* Pods */ = {
			isa = PBXGroup;
			children = (
				CAA93AA6892685F2B6FBA8B0 /* Pods-TimeSeteApp.debug.xcconfig */,
				97E7BFF7FED6ADFE292372DD /* Pods-TimeSeteApp.release.xcconfig */,
			);
			path = Pods;
			sourceTree = "<group>";
		};
/* End PBXGroup section */

/* Begin PBXNativeTarget section */
		7D8E4A7F2653744A0095B88C /* TimeSeteApp */ = {
			isa = PBXNativeTarget;
			buildConfigurationList = 7D8E4A942653744B0095B88C /* Build configuration list for PBXNativeTarget "TimeSeteApp" */;
			buildPhases = (
				7DCDFBDF26550638008391BD /* ShellScript */,
				B66002E4DFA2BED8E6DFC2F6 /* [CP] Check Pods Manifest.lock */,
				7D8E4A7C2653744A0095B88C /* Sources */,
				7D8E4A7D2653744A0095B88C /* Frameworks */,
				7D8E4A7E2653744A0095B88C /* Resources */,
				561329BA2B6C92B60CED3A5F /* [CP] Embed Pods Frameworks */,
			);
			buildRules = (
			);
			dependencies = (
			);
			name = TimeSeteApp;
			productName = TimeSeteApp;
			productReference = 7D8E4A802653744A0095B88C /* TimeSeteApp.app */;
			productType = "com.apple.product-type.application";
		};
/* End PBXNativeTarget section */

/* Begin PBXProject section */
		7D8E4A782653744A0095B88C /* Project object */ = {
			isa = PBXProject;
			attributes = {
				LastSwiftUpdateCheck = 1240;
				LastUpgradeCheck = 1240;
				TargetAttributes = {
					7D8E4A7F2653744A0095B88C = {
						CreatedOnToolsVersion = 12.4;
					};
				};
			};
			buildConfigurationList = 7D8E4A7B2653744A0095B88C /* Build configuration list for PBXProject "TimeSeteApp" */;
			compatibilityVersion = "Xcode 9.3";
			developmentRegion = en;
			hasScannedForEncodings = 0;
			knownRegions = (
				en,
				Base,
			);
			mainGroup = 7D8E4A772653744A0095B88C;
			productRefGroup = 7D8E4A812653744A0095B88C /* Products */;
			projectDirPath = "";
			projectRoot = "";
			targets = (
				7D8E4A7F2653744A0095B88C /* TimeSeteApp */,
			);
		};
/* End PBXProject section */

/* Begin PBXResourcesBuildPhase section */
		7D8E4A7E2653744A0095B88C /* Resources */ = {
			isa = PBXResourcesBuildPhase;
			buildActionMask = 2147483647;
			files = (
				7D8E4A902653744B0095B88C /* LaunchScreen.storyboard in Resources */,
				7D8E4A8D2653744B0095B88C /* Assets.xcassets in Resources */,
				7D8E4A8B2653744A0095B88C /* Main.storyboard in Resources */,
			);
			runOnlyForDeploymentPostprocessing = 0;
		};
/* End PBXResourcesBuildPhase section */

/* Begin PBXShellScriptBuildPhase section */
		561329BA2B6C92B60CED3A5F /* [CP] Embed Pods Frameworks */ = {
			isa = PBXShellScriptBuildPhase;
			buildActionMask = 2147483647;
			files = (
			);
			inputFileListPaths = (
				"${PODS_ROOT}/Target Support Files/Pods-TimeSeteApp/Pods-TimeSeteApp-frameworks-${CONFIGURATION}-input-files.xcfilelist",
			);
			name = "[CP] Embed Pods Frameworks";
			outputFileListPaths = (
				"${PODS_ROOT}/Target Support Files/Pods-TimeSeteApp/Pods-TimeSeteApp-frameworks-${CONFIGURATION}-output-files.xcfilelist",
			);
			runOnlyForDeploymentPostprocessing = 0;
			shellPath = /bin/sh;
			shellScript = "\"${PODS_ROOT}/Target Support Files/Pods-TimeSeteApp/Pods-TimeSeteApp-frameworks.sh\"\n";
			showEnvVarsInLog = 0;
		};
		7DCDFBDF26550638008391BD /* ShellScript */ = {
			isa = PBXShellScriptBuildPhase;
			buildActionMask = 2147483647;
			files = (
			);
			inputFileListPaths = (
			);
			inputPaths = (
			);
			outputFileListPaths = (
			);
			outputPaths = (
			);
			runOnlyForDeploymentPostprocessing = 0;
			shellPath = /bin/sh;
			shellScript = "\"${PODS_ROOT}/SwiftLint/swiftlint\"\n";
		};
		B66002E4DFA2BED8E6DFC2F6 /* [CP] Check Pods Manifest.lock */ = {
			isa = PBXShellScriptBuildPhase;
			buildActionMask = 2147483647;
			files = (
			);
			inputFileListPaths = (
			);
			inputPaths = (
				"${PODS_PODFILE_DIR_PATH}/Podfile.lock",
				"${PODS_ROOT}/Manifest.lock",
			);
			name = "[CP] Check Pods Manifest.lock";
			outputFileListPaths = (
			);
			outputPaths = (
				"$(DERIVED_FILE_DIR)/Pods-TimeSeteApp-checkManifestLockResult.txt",
			);
			runOnlyForDeploymentPostprocessing = 0;
			shellPath = /bin/sh;
			shellScript = "diff \"${PODS_PODFILE_DIR_PATH}/Podfile.lock\" \"${PODS_ROOT}/Manifest.lock\" > /dev/null\nif [ $? != 0 ] ; then\n    # print error to STDERR\n    echo \"error: The sandbox is not in sync with the Podfile.lock. Run 'pod install' or update your CocoaPods installation.\" >&2\n    exit 1\nfi\n# This output is used by Xcode 'outputs' to avoid re-running this script phase.\necho \"SUCCESS\" > \"${SCRIPT_OUTPUT_FILE_0}\"\n";
			showEnvVarsInLog = 0;
		};
/* End PBXShellScriptBuildPhase section */

/* Begin PBXSourcesBuildPhase section */
		7D8E4A7C2653744A0095B88C /* Sources */ = {
			isa = PBXSourcesBuildPhase;
			buildActionMask = 2147483647;
			files = (
				7DB50E3A26554200004A62AC /* ViewExtension.swift in Sources */,
				7DB50E2F26553656004A62AC /* LoginView.swift in Sources */,
				7D8E4A882653744A0095B88C /* LoginViewController.swift in Sources */,
				7DB50E2C26552348004A62AC /* Login.swift in Sources */,
				7D8E4A842653744A0095B88C /* AppDelegate.swift in Sources */,
				7DB50E29265519A4004A62AC /* Presenter.swift in Sources */,
				7DB50E3326553C0D004A62AC /* ColorExtension.swift in Sources */,
				7D8E4A862653744A0095B88C /* SceneDelegate.swift in Sources */,
				7DB50E3626553C2F004A62AC /* ImageExtension.swift in Sources */,
			);
			runOnlyForDeploymentPostprocessing = 0;
		};
/* End PBXSourcesBuildPhase section */

/* Begin PBXVariantGroup section */
		7D8E4A892653744A0095B88C /* Main.storyboard */ = {
			isa = PBXVariantGroup;
			children = (
				7D8E4A8A2653744A0095B88C /* Base */,
			);
			name = Main.storyboard;
			sourceTree = "<group>";
		};
		7D8E4A8E2653744B0095B88C /* LaunchScreen.storyboard */ = {
			isa = PBXVariantGroup;
			children = (
				7D8E4A8F2653744B0095B88C /* Base */,
			);
			name = LaunchScreen.storyboard;
			sourceTree = "<group>";
		};
/* End PBXVariantGroup section */

/* Begin XCBuildConfiguration section */
		7D8E4A922653744B0095B88C /* Debug */ = {
			isa = XCBuildConfiguration;
			buildSettings = {
				ALWAYS_SEARCH_USER_PATHS = NO;
				CLANG_ANALYZER_NONNULL = YES;
				CLANG_ANALYZER_NUMBER_OBJECT_CONVERSION = YES_AGGRESSIVE;
				CLANG_CXX_LANGUAGE_STANDARD = "gnu++14";
				CLANG_CXX_LIBRARY = "libc++";
				CLANG_ENABLE_MODULES = YES;
				CLANG_ENABLE_OBJC_ARC = YES;
				CLANG_ENABLE_OBJC_WEAK = YES;
				CLANG_WARN_BLOCK_CAPTURE_AUTORELEASING = YES;
				CLANG_WARN_BOOL_CONVERSION = YES;
				CLANG_WARN_COMMA = YES;
				CLANG_WARN_CONSTANT_CONVERSION = YES;
				CLANG_WARN_DEPRECATED_OBJC_IMPLEMENTATIONS = YES;
				CLANG_WARN_DIRECT_OBJC_ISA_USAGE = YES_ERROR;
				CLANG_WARN_DOCUMENTATION_COMMENTS = YES;
				CLANG_WARN_EMPTY_BODY = YES;
				CLANG_WARN_ENUM_CONVERSION = YES;
				CLANG_WARN_INFINITE_RECURSION = YES;
				CLANG_WARN_INT_CONVERSION = YES;
				CLANG_WARN_NON_LITERAL_NULL_CONVERSION = YES;
				CLANG_WARN_OBJC_IMPLICIT_RETAIN_SELF = YES;
				CLANG_WARN_OBJC_LITERAL_CONVERSION = YES;
				CLANG_WARN_OBJC_ROOT_CLASS = YES_ERROR;
				CLANG_WARN_QUOTED_INCLUDE_IN_FRAMEWORK_HEADER = YES;
				CLANG_WARN_RANGE_LOOP_ANALYSIS = YES;
				CLANG_WARN_STRICT_PROTOTYPES = YES;
				CLANG_WARN_SUSPICIOUS_MOVE = YES;
				CLANG_WARN_UNGUARDED_AVAILABILITY = YES_AGGRESSIVE;
				CLANG_WARN_UNREACHABLE_CODE = YES;
				CLANG_WARN__DUPLICATE_METHOD_MATCH = YES;
				COPY_PHASE_STRIP = NO;
				DEBUG_INFORMATION_FORMAT = dwarf;
				ENABLE_STRICT_OBJC_MSGSEND = YES;
				ENABLE_TESTABILITY = YES;
				GCC_C_LANGUAGE_STANDARD = gnu11;
				GCC_DYNAMIC_NO_PIC = NO;
				GCC_NO_COMMON_BLOCKS = YES;
				GCC_OPTIMIZATION_LEVEL = 0;
				GCC_PREPROCESSOR_DEFINITIONS = (
					"DEBUG=1",
					"$(inherited)",
				);
				GCC_WARN_64_TO_32_BIT_CONVERSION = YES;
				GCC_WARN_ABOUT_RETURN_TYPE = YES_ERROR;
				GCC_WARN_UNDECLARED_SELECTOR = YES;
				GCC_WARN_UNINITIALIZED_AUTOS = YES_AGGRESSIVE;
				GCC_WARN_UNUSED_FUNCTION = YES;
				GCC_WARN_UNUSED_VARIABLE = YES;
				IPHONEOS_DEPLOYMENT_TARGET = 14.4;
				MTL_ENABLE_DEBUG_INFO = INCLUDE_SOURCE;
				MTL_FAST_MATH = YES;
				ONLY_ACTIVE_ARCH = YES;
				SDKROOT = iphoneos;
				SWIFT_ACTIVE_COMPILATION_CONDITIONS = DEBUG;
				SWIFT_OPTIMIZATION_LEVEL = "-Onone";
			};
			name = Debug;
		};
		7D8E4A932653744B0095B88C /* Release */ = {
			isa = XCBuildConfiguration;
			buildSettings = {
				ALWAYS_SEARCH_USER_PATHS = NO;
				CLANG_ANALYZER_NONNULL = YES;
				CLANG_ANALYZER_NUMBER_OBJECT_CONVERSION = YES_AGGRESSIVE;
				CLANG_CXX_LANGUAGE_STANDARD = "gnu++14";
				CLANG_CXX_LIBRARY = "libc++";
				CLANG_ENABLE_MODULES = YES;
				CLANG_ENABLE_OBJC_ARC = YES;
				CLANG_ENABLE_OBJC_WEAK = YES;
				CLANG_WARN_BLOCK_CAPTURE_AUTORELEASING = YES;
				CLANG_WARN_BOOL_CONVERSION = YES;
				CLANG_WARN_COMMA = YES;
				CLANG_WARN_CONSTANT_CONVERSION = YES;
				CLANG_WARN_DEPRECATED_OBJC_IMPLEMENTATIONS = YES;
				CLANG_WARN_DIRECT_OBJC_ISA_USAGE = YES_ERROR;
				CLANG_WARN_DOCUMENTATION_COMMENTS = YES;
				CLANG_WARN_EMPTY_BODY = YES;
				CLANG_WARN_ENUM_CONVERSION = YES;
				CLANG_WARN_INFINITE_RECURSION = YES;
				CLANG_WARN_INT_CONVERSION = YES;
				CLANG_WARN_NON_LITERAL_NULL_CONVERSION = YES;
				CLANG_WARN_OBJC_IMPLICIT_RETAIN_SELF = YES;
				CLANG_WARN_OBJC_LITERAL_CONVERSION = YES;
				CLANG_WARN_OBJC_ROOT_CLASS = YES_ERROR;
				CLANG_WARN_QUOTED_INCLUDE_IN_FRAMEWORK_HEADER = YES;
				CLANG_WARN_RANGE_LOOP_ANALYSIS = YES;
				CLANG_WARN_STRICT_PROTOTYPES = YES;
				CLANG_WARN_SUSPICIOUS_MOVE = YES;
				CLANG_WARN_UNGUARDED_AVAILABILITY = YES_AGGRESSIVE;
				CLANG_WARN_UNREACHABLE_CODE = YES;
				CLANG_WARN__DUPLICATE_METHOD_MATCH = YES;
				COPY_PHASE_STRIP = NO;
				DEBUG_INFORMATION_FORMAT = "dwarf-with-dsym";
				ENABLE_NS_ASSERTIONS = NO;
				ENABLE_STRICT_OBJC_MSGSEND = YES;
				GCC_C_LANGUAGE_STANDARD = gnu11;
				GCC_NO_COMMON_BLOCKS = YES;
				GCC_WARN_64_TO_32_BIT_CONVERSION = YES;
				GCC_WARN_ABOUT_RETURN_TYPE = YES_ERROR;
				GCC_WARN_UNDECLARED_SELECTOR = YES;
				GCC_WARN_UNINITIALIZED_AUTOS = YES_AGGRESSIVE;
				GCC_WARN_UNUSED_FUNCTION = YES;
				GCC_WARN_UNUSED_VARIABLE = YES;
				IPHONEOS_DEPLOYMENT_TARGET = 14.4;
				MTL_ENABLE_DEBUG_INFO = NO;
				MTL_FAST_MATH = YES;
				SDKROOT = iphoneos;
				SWIFT_COMPILATION_MODE = wholemodule;
				SWIFT_OPTIMIZATION_LEVEL = "-O";
				VALIDATE_PRODUCT = YES;
			};
			name = Release;
		};
		7D8E4A952653744B0095B88C /* Debug */ = {
			isa = XCBuildConfiguration;
			baseConfigurationReference = CAA93AA6892685F2B6FBA8B0 /* Pods-TimeSeteApp.debug.xcconfig */;
			buildSettings = {
				ASSETCATALOG_COMPILER_APPICON_NAME = AppIcon;
				ASSETCATALOG_COMPILER_GLOBAL_ACCENT_COLOR_NAME = AccentColor;
				CODE_SIGN_STYLE = Automatic;
				DEVELOPMENT_TEAM = 58RN6U59UJ;
				INFOPLIST_FILE = "TimeSeteApp/Supporting Files/Info.plist";
				LD_RUNPATH_SEARCH_PATHS = (
					"$(inherited)",
					"@executable_path/Frameworks",
				);
				PRODUCT_BUNDLE_IDENTIFIER = campIoasys.TimeSeteApp;
				PRODUCT_NAME = "$(TARGET_NAME)";
				SWIFT_VERSION = 5.0;
				TARGETED_DEVICE_FAMILY = "1,2";
			};
			name = Debug;
		};
		7D8E4A962653744B0095B88C /* Release */ = {
			isa = XCBuildConfiguration;
			baseConfigurationReference = 97E7BFF7FED6ADFE292372DD /* Pods-TimeSeteApp.release.xcconfig */;
			buildSettings = {
				ASSETCATALOG_COMPILER_APPICON_NAME = AppIcon;
				ASSETCATALOG_COMPILER_GLOBAL_ACCENT_COLOR_NAME = AccentColor;
				CODE_SIGN_STYLE = Automatic;
				DEVELOPMENT_TEAM = 58RN6U59UJ;
				INFOPLIST_FILE = "TimeSeteApp/Supporting Files/Info.plist";
				LD_RUNPATH_SEARCH_PATHS = (
					"$(inherited)",
					"@executable_path/Frameworks",
				);
				PRODUCT_BUNDLE_IDENTIFIER = campIoasys.TimeSeteApp;
				PRODUCT_NAME = "$(TARGET_NAME)";
				SWIFT_VERSION = 5.0;
				TARGETED_DEVICE_FAMILY = "1,2";
			};
			name = Release;
		};
/* End XCBuildConfiguration section */

/* Begin XCConfigurationList section */
		7D8E4A7B2653744A0095B88C /* Build configuration list for PBXProject "TimeSeteApp" */ = {
			isa = XCConfigurationList;
			buildConfigurations = (
				7D8E4A922653744B0095B88C /* Debug */,
				7D8E4A932653744B0095B88C /* Release */,
			);
			defaultConfigurationIsVisible = 0;
			defaultConfigurationName = Release;
		};
		7D8E4A942653744B0095B88C /* Build configuration list for PBXNativeTarget "TimeSeteApp" */ = {
			isa = XCConfigurationList;
			buildConfigurations = (
				7D8E4A952653744B0095B88C /* Debug */,
				7D8E4A962653744B0095B88C /* Release */,
			);
			defaultConfigurationIsVisible = 0;
			defaultConfigurationName = Release;
		};
/* End XCConfigurationList section */
	};
	rootObject = 7D8E4A782653744A0095B88C /* Project object */;
}
